// !$*UTF8*$!
{
	archiveVersion = 1;
	classes = {
	};
	objectVersion = 77;
	objects = {

/* Begin PBXBuildFile section */
		365225922E96402400492B2E /* Puppy in Frameworks */ = {isa = PBXBuildFile; productRef = 365225912E96402400492B2E /* Puppy */; };
/* End PBXBuildFile section */

/* Begin PBXContainerItemProxy section */
		3644229E2E670C8600BF17B2 /* PBXContainerItemProxy */ = {
			isa = PBXContainerItemProxy;
			containerPortal = 364422852E670C8400BF17B2 /* Project object */;
			proxyType = 1;
			remoteGlobalIDString = 3644228C2E670C8400BF17B2;
			remoteInfo = sandman;
		};
		364422A82E670C8600BF17B2 /* PBXContainerItemProxy */ = {
			isa = PBXContainerItemProxy;
			containerPortal = 364422852E670C8400BF17B2 /* Project object */;
			proxyType = 1;
			remoteGlobalIDString = 3644228C2E670C8400BF17B2;
			remoteInfo = sandman;
		};
/* End PBXContainerItemProxy section */

/* Begin PBXFileReference section */
		3644228D2E670C8400BF17B2 /* sandman.app */ = {isa = PBXFileReference; explicitFileType = wrapper.application; includeInIndex = 0; path = sandman.app; sourceTree = BUILT_PRODUCTS_DIR; };
		3644229D2E670C8600BF17B2 /* sandmanTests.xctest */ = {isa = PBXFileReference; explicitFileType = wrapper.cfbundle; includeInIndex = 0; path = sandmanTests.xctest; sourceTree = BUILT_PRODUCTS_DIR; };
		364422A72E670C8600BF17B2 /* sandmanUITests.xctest */ = {isa = PBXFileReference; explicitFileType = wrapper.cfbundle; includeInIndex = 0; path = sandmanUITests.xctest; sourceTree = BUILT_PRODUCTS_DIR; };
/* End PBXFileReference section */

/* Begin PBXFileSystemSynchronizedRootGroup section */
		3644228F2E670C8400BF17B2 /* sandman */ = {
			isa = PBXFileSystemSynchronizedRootGroup;
			path = sandman;
			sourceTree = "<group>";
		};
		364422A02E670C8600BF17B2 /* sandmanTests */ = {
			isa = PBXFileSystemSynchronizedRootGroup;
			path = sandmanTests;
			sourceTree = "<group>";
		};
		364422AA2E670C8600BF17B2 /* sandmanUITests */ = {
			isa = PBXFileSystemSynchronizedRootGroup;
			path = sandmanUITests;
			sourceTree = "<group>";
		};
/* End PBXFileSystemSynchronizedRootGroup section */

/* Begin PBXFrameworksBuildPhase section */
		3644228A2E670C8400BF17B2 /* Frameworks */ = {
			isa = PBXFrameworksBuildPhase;
			buildActionMask = 2147483647;
			files = (
				365225922E96402400492B2E /* Puppy in Frameworks */,
			);
			runOnlyForDeploymentPostprocessing = 0;
		};
		3644229A2E670C8600BF17B2 /* Frameworks */ = {
			isa = PBXFrameworksBuildPhase;
			buildActionMask = 2147483647;
			files = (
			);
			runOnlyForDeploymentPostprocessing = 0;
		};
		364422A42E670C8600BF17B2 /* Frameworks */ = {
			isa = PBXFrameworksBuildPhase;
			buildActionMask = 2147483647;
			files = (
			);
			runOnlyForDeploymentPostprocessing = 0;
		};
/* End PBXFrameworksBuildPhase section */

/* Begin PBXGroup section */
		364422842E670C8400BF17B2 = {
			isa = PBXGroup;
			children = (
				3644228F2E670C8400BF17B2 /* sandman */,
				364422A02E670C8600BF17B2 /* sandmanTests */,
				364422AA2E670C8600BF17B2 /* sandmanUITests */,
				3644228E2E670C8400BF17B2 /* Products */,
			);
			sourceTree = "<group>";
		};
		3644228E2E670C8400BF17B2 /* Products */ = {
			isa = PBXGroup;
			children = (
				3644228D2E670C8400BF17B2 /* sandman.app */,
				3644229D2E670C8600BF17B2 /* sandmanTests.xctest */,
				364422A72E670C8600BF17B2 /* sandmanUITests.xctest */,
			);
			name = Products;
			sourceTree = "<group>";
		};
/* End PBXGroup section */

/* Begin PBXNativeTarget section */
		3644228C2E670C8400BF17B2 /* sandman */ = {
			isa = PBXNativeTarget;
			buildConfigurationList = 364422B12E670C8600BF17B2 /* Build configuration list for PBXNativeTarget "sandman" */;
			buildPhases = (
				364422892E670C8400BF17B2 /* Sources */,
				3644228A2E670C8400BF17B2 /* Frameworks */,
				3644228B2E670C8400BF17B2 /* Resources */,
			);
			buildRules = (
			);
			dependencies = (
			);
			fileSystemSynchronizedGroups = (
				3644228F2E670C8400BF17B2 /* sandman */,
			);
			name = sandman;
			packageProductDependencies = (
				365225912E96402400492B2E /* Puppy */,
			);
			productName = sandman;
			productReference = 3644228D2E670C8400BF17B2 /* sandman.app */;
			productType = "com.apple.product-type.application";
		};
		3644229C2E670C8600BF17B2 /* sandmanTests */ = {
			isa = PBXNativeTarget;
			buildConfigurationList = 364422B42E670C8600BF17B2 /* Build configuration list for PBXNativeTarget "sandmanTests" */;
			buildPhases = (
				364422992E670C8600BF17B2 /* Sources */,
				3644229A2E670C8600BF17B2 /* Frameworks */,
				3644229B2E670C8600BF17B2 /* Resources */,
			);
			buildRules = (
			);
			dependencies = (
				3644229F2E670C8600BF17B2 /* PBXTargetDependency */,
			);
			fileSystemSynchronizedGroups = (
				364422A02E670C8600BF17B2 /* sandmanTests */,
			);
			name = sandmanTests;
			packageProductDependencies = (
			);
			productName = sandmanTests;
			productReference = 3644229D2E670C8600BF17B2 /* sandmanTests.xctest */;
			productType = "com.apple.product-type.bundle.unit-test";
		};
		364422A62E670C8600BF17B2 /* sandmanUITests */ = {
			isa = PBXNativeTarget;
			buildConfigurationList = 364422B72E670C8600BF17B2 /* Build configuration list for PBXNativeTarget "sandmanUITests" */;
			buildPhases = (
				364422A32E670C8600BF17B2 /* Sources */,
				364422A42E670C8600BF17B2 /* Frameworks */,
				364422A52E670C8600BF17B2 /* Resources */,
			);
			buildRules = (
			);
			dependencies = (
				364422A92E670C8600BF17B2 /* PBXTargetDependency */,
			);
			fileSystemSynchronizedGroups = (
				364422AA2E670C8600BF17B2 /* sandmanUITests */,
			);
			name = sandmanUITests;
			packageProductDependencies = (
			);
			productName = sandmanUITests;
			productReference = 364422A72E670C8600BF17B2 /* sandmanUITests.xctest */;
			productType = "com.apple.product-type.bundle.ui-testing";
		};
/* End PBXNativeTarget section */

/* Begin PBXProject section */
		364422852E670C8400BF17B2 /* Project object */ = {
			isa = PBXProject;
			attributes = {
				BuildIndependentTargetsInParallel = 1;
				LastSwiftUpdateCheck = 1640;
				LastUpgradeCheck = 1640;
				TargetAttributes = {
					3644228C2E670C8400BF17B2 = {
						CreatedOnToolsVersion = 16.4;
					};
					3644229C2E670C8600BF17B2 = {
						CreatedOnToolsVersion = 16.4;
						TestTargetID = 3644228C2E670C8400BF17B2;
					};
					364422A62E670C8600BF17B2 = {
						CreatedOnToolsVersion = 16.4;
						TestTargetID = 3644228C2E670C8400BF17B2;
					};
				};
			};
			buildConfigurationList = 364422882E670C8400BF17B2 /* Build configuration list for PBXProject "sandman" */;
			developmentRegion = en;
			hasScannedForEncodings = 0;
			knownRegions = (
				en,
				Base,
			);
			mainGroup = 364422842E670C8400BF17B2;
			minimizedProjectReferenceProxies = 1;
			packageReferences = (
				365225902E963E5200492B2E /* XCRemoteSwiftPackageReference "Puppy" */,
			);
			preferredProjectObjectVersion = 77;
			productRefGroup = 3644228E2E670C8400BF17B2 /* Products */;
			projectDirPath = "";
			projectRoot = "";
			targets = (
				3644228C2E670C8400BF17B2 /* sandman */,
				3644229C2E670C8600BF17B2 /* sandmanTests */,
				364422A62E670C8600BF17B2 /* sandmanUITests */,
			);
		};
/* End PBXProject section */

/* Begin PBXResourcesBuildPhase section */
		3644228B2E670C8400BF17B2 /* Resources */ = {
			isa = PBXResourcesBuildPhase;
			buildActionMask = 2147483647;
			files = (
			);
			runOnlyForDeploymentPostprocessing = 0;
		};
		3644229B2E670C8600BF17B2 /* Resources */ = {
			isa = PBXResourcesBuildPhase;
			buildActionMask = 2147483647;
			files = (
			);
			runOnlyForDeploymentPostprocessing = 0;
		};
		364422A52E670C8600BF17B2 /* Resources */ = {
			isa = PBXResourcesBuildPhase;
			buildActionMask = 2147483647;
			files = (
			);
			runOnlyForDeploymentPostprocessing = 0;
		};
/* End PBXResourcesBuildPhase section */

/* Begin PBXSourcesBuildPhase section */
		364422892E670C8400BF17B2 /* Sources */ = {
			isa = PBXSourcesBuildPhase;
			buildActionMask = 2147483647;
			files = (
			);
			runOnlyForDeploymentPostprocessing = 0;
		};
		364422992E670C8600BF17B2 /* Sources */ = {
			isa = PBXSourcesBuildPhase;
			buildActionMask = 2147483647;
			files = (
			);
			runOnlyForDeploymentPostprocessing = 0;
		};
		364422A32E670C8600BF17B2 /* Sources */ = {
			isa = PBXSourcesBuildPhase;
			buildActionMask = 2147483647;
			files = (
			);
			runOnlyForDeploymentPostprocessing = 0;
		};
/* End PBXSourcesBuildPhase section */

/* Begin PBXTargetDependency section */
		3644229F2E670C8600BF17B2 /* PBXTargetDependency */ = {
			isa = PBXTargetDependency;
			target = 3644228C2E670C8400BF17B2 /* sandman */;
			targetProxy = 3644229E2E670C8600BF17B2 /* PBXContainerItemProxy */;
		};
		364422A92E670C8600BF17B2 /* PBXTargetDependency */ = {
			isa = PBXTargetDependency;
			target = 3644228C2E670C8400BF17B2 /* sandman */;
			targetProxy = 364422A82E670C8600BF17B2 /* PBXContainerItemProxy */;
		};
/* End PBXTargetDependency section */

/* Begin XCBuildConfiguration section */
		364422AF2E670C8600BF17B2 /* Debug */ = {
			isa = XCBuildConfiguration;
			buildSettings = {
				ALWAYS_SEARCH_USER_PATHS = NO;
				ASSETCATALOG_COMPILER_GENERATE_SWIFT_ASSET_SYMBOL_EXTENSIONS = YES;
				CLANG_ANALYZER_NONNULL = YES;
				CLANG_ANALYZER_NUMBER_OBJECT_CONVERSION = YES_AGGRESSIVE;
				CLANG_CXX_LANGUAGE_STANDARD = "gnu++20";
				CLANG_ENABLE_MODULES = YES;
				CLANG_ENABLE_OBJC_ARC = YES;
				CLANG_ENABLE_OBJC_WEAK = YES;
				CLANG_WARN_BLOCK_CAPTURE_AUTORELEASING = YES;
				CLANG_WARN_BOOL_CONVERSION = YES;
				CLANG_WARN_COMMA = YES;
				CLANG_WARN_CONSTANT_CONVERSION = YES;
				CLANG_WARN_DEPRECATED_OBJC_IMPLEMENTATIONS = YES;
				CLANG_WARN_DIRECT_OBJC_ISA_USAGE = YES_ERROR;
				CLANG_WARN_DOCUMENTATION_COMMENTS = YES;
				CLANG_WARN_EMPTY_BODY = YES;
				CLANG_WARN_ENUM_CONVERSION = YES;
				CLANG_WARN_INFINITE_RECURSION = YES;
				CLANG_WARN_INT_CONVERSION = YES;
				CLANG_WARN_NON_LITERAL_NULL_CONVERSION = YES;
				CLANG_WARN_OBJC_IMPLICIT_RETAIN_SELF = YES;
				CLANG_WARN_OBJC_LITERAL_CONVERSION = YES;
				CLANG_WARN_OBJC_ROOT_CLASS = YES_ERROR;
				CLANG_WARN_QUOTED_INCLUDE_IN_FRAMEWORK_HEADER = YES;
				CLANG_WARN_RANGE_LOOP_ANALYSIS = YES;
				CLANG_WARN_STRICT_PROTOTYPES = YES;
				CLANG_WARN_SUSPICIOUS_MOVE = YES;
				CLANG_WARN_UNGUARDED_AVAILABILITY = YES_AGGRESSIVE;
				CLANG_WARN_UNREACHABLE_CODE = YES;
				CLANG_WARN__DUPLICATE_METHOD_MATCH = YES;
				COPY_PHASE_STRIP = NO;
				DEBUG_INFORMATION_FORMAT = dwarf;
				DEVELOPMENT_TEAM = E52ZZJXC2C;
				ENABLE_STRICT_OBJC_MSGSEND = YES;
				ENABLE_TESTABILITY = YES;
				ENABLE_USER_SCRIPT_SANDBOXING = YES;
				GCC_C_LANGUAGE_STANDARD = gnu17;
				GCC_DYNAMIC_NO_PIC = NO;
				GCC_NO_COMMON_BLOCKS = YES;
				GCC_OPTIMIZATION_LEVEL = 0;
				GCC_PREPROCESSOR_DEFINITIONS = (
					"DEBUG=1",
					"$(inherited)",
				);
				GCC_WARN_64_TO_32_BIT_CONVERSION = YES;
				GCC_WARN_ABOUT_RETURN_TYPE = YES_ERROR;
				GCC_WARN_UNDECLARED_SELECTOR = YES;
				GCC_WARN_UNINITIALIZED_AUTOS = YES_AGGRESSIVE;
				GCC_WARN_UNUSED_FUNCTION = YES;
				GCC_WARN_UNUSED_VARIABLE = YES;
				LOCALIZATION_PREFERS_STRING_CATALOGS = YES;
				MACOSX_DEPLOYMENT_TARGET = 15.5;
				MTL_ENABLE_DEBUG_INFO = INCLUDE_SOURCE;
				MTL_FAST_MATH = YES;
				ONLY_ACTIVE_ARCH = YES;
				SDKROOT = macosx;
				SWIFT_ACTIVE_COMPILATION_CONDITIONS = "DEBUG $(inherited)";
				SWIFT_OPTIMIZATION_LEVEL = "-Onone";
			};
			name = Debug;
		};
		364422B02E670C8600BF17B2 /* Release */ = {
			isa = XCBuildConfiguration;
			buildSettings = {
				ALWAYS_SEARCH_USER_PATHS = NO;
				ASSETCATALOG_COMPILER_GENERATE_SWIFT_ASSET_SYMBOL_EXTENSIONS = YES;
				CLANG_ANALYZER_NONNULL = YES;
				CLANG_ANALYZER_NUMBER_OBJECT_CONVERSION = YES_AGGRESSIVE;
				CLANG_CXX_LANGUAGE_STANDARD = "gnu++20";
				CLANG_ENABLE_MODULES = YES;
				CLANG_ENABLE_OBJC_ARC = YES;
				CLANG_ENABLE_OBJC_WEAK = YES;
				CLANG_WARN_BLOCK_CAPTURE_AUTORELEASING = YES;
				CLANG_WARN_BOOL_CONVERSION = YES;
				CLANG_WARN_COMMA = YES;
				CLANG_WARN_CONSTANT_CONVERSION = YES;
				CLANG_WARN_DEPRECATED_OBJC_IMPLEMENTATIONS = YES;
				CLANG_WARN_DIRECT_OBJC_ISA_USAGE = YES_ERROR;
				CLANG_WARN_DOCUMENTATION_COMMENTS = YES;
				CLANG_WARN_EMPTY_BODY = YES;
				CLANG_WARN_ENUM_CONVERSION = YES;
				CLANG_WARN_INFINITE_RECURSION = YES;
				CLANG_WARN_INT_CONVERSION = YES;
				CLANG_WARN_NON_LITERAL_NULL_CONVERSION = YES;
				CLANG_WARN_OBJC_IMPLICIT_RETAIN_SELF = YES;
				CLANG_WARN_OBJC_LITERAL_CONVERSION = YES;
				CLANG_WARN_OBJC_ROOT_CLASS = YES_ERROR;
				CLANG_WARN_QUOTED_INCLUDE_IN_FRAMEWORK_HEADER = YES;
				CLANG_WARN_RANGE_LOOP_ANALYSIS = YES;
				CLANG_WARN_STRICT_PROTOTYPES = YES;
				CLANG_WARN_SUSPICIOUS_MOVE = YES;
				CLANG_WARN_UNGUARDED_AVAILABILITY = YES_AGGRESSIVE;
				CLANG_WARN_UNREACHABLE_CODE = YES;
				CLANG_WARN__DUPLICATE_METHOD_MATCH = YES;
				COPY_PHASE_STRIP = NO;
				DEBUG_INFORMATION_FORMAT = "dwarf-with-dsym";
				DEVELOPMENT_TEAM = E52ZZJXC2C;
				ENABLE_NS_ASSERTIONS = NO;
				ENABLE_STRICT_OBJC_MSGSEND = YES;
				ENABLE_USER_SCRIPT_SANDBOXING = YES;
				GCC_C_LANGUAGE_STANDARD = gnu17;
				GCC_NO_COMMON_BLOCKS = YES;
				GCC_WARN_64_TO_32_BIT_CONVERSION = YES;
				GCC_WARN_ABOUT_RETURN_TYPE = YES_ERROR;
				GCC_WARN_UNDECLARED_SELECTOR = YES;
				GCC_WARN_UNINITIALIZED_AUTOS = YES_AGGRESSIVE;
				GCC_WARN_UNUSED_FUNCTION = YES;
				GCC_WARN_UNUSED_VARIABLE = YES;
				LOCALIZATION_PREFERS_STRING_CATALOGS = YES;
				MACOSX_DEPLOYMENT_TARGET = 15.5;
				MTL_ENABLE_DEBUG_INFO = NO;
				MTL_FAST_MATH = YES;
				SDKROOT = macosx;
				SWIFT_COMPILATION_MODE = wholemodule;
			};
			name = Release;
		};
		364422B22E670C8600BF17B2 /* Debug */ = {
			isa = XCBuildConfiguration;
			buildSettings = {
				ASSETCATALOG_COMPILER_APPICON_NAME = AppIcon;
				ASSETCATALOG_COMPILER_GLOBAL_ACCENT_COLOR_NAME = AccentColor;
				CODE_SIGN_ENTITLEMENTS = sandman/sandman.entitlements;
				CODE_SIGN_STYLE = Automatic;
				COMBINE_HIDPI_IMAGES = YES;
				CURRENT_PROJECT_VERSION = 1;
				DEVELOPMENT_TEAM = E52ZZJXC2C;
				ENABLE_HARDENED_RUNTIME = YES;
				ENABLE_PREVIEWS = YES;
				GENERATE_INFOPLIST_FILE = YES;
				INFOPLIST_KEY_LSApplicationCategoryType = "public.app-category.developer-tools";
				INFOPLIST_KEY_NSHumanReadableCopyright = "";
				LD_RUNPATH_SEARCH_PATHS = (
					"$(inherited)",
					"@executable_path/../Frameworks",
				);
				MACOSX_DEPLOYMENT_TARGET = 14.0;
				MARKETING_VERSION = 0.1.2;
				PRODUCT_BUNDLE_IDENTIFIER = be.codestation.sandman;
				PRODUCT_NAME = "$(TARGET_NAME)";
				REGISTER_APP_GROUPS = YES;
				SWIFT_EMIT_LOC_STRINGS = YES;
				SWIFT_VERSION = 5.0;
			};
			name = Debug;
		};
		364422B32E670C8600BF17B2 /* Release */ = {
			isa = XCBuildConfiguration;
			buildSettings = {
				ASSETCATALOG_COMPILER_APPICON_NAME = AppIcon;
				ASSETCATALOG_COMPILER_GLOBAL_ACCENT_COLOR_NAME = AccentColor;
				CODE_SIGN_ENTITLEMENTS = sandman/sandman.entitlements;
				CODE_SIGN_STYLE = Automatic;
				COMBINE_HIDPI_IMAGES = YES;
				CURRENT_PROJECT_VERSION = 1;
				DEVELOPMENT_TEAM = E52ZZJXC2C;
				ENABLE_HARDENED_RUNTIME = YES;
				ENABLE_PREVIEWS = YES;
				GENERATE_INFOPLIST_FILE = YES;
				INFOPLIST_KEY_LSApplicationCategoryType = "public.app-category.developer-tools";
				INFOPLIST_KEY_NSHumanReadableCopyright = "";
				LD_RUNPATH_SEARCH_PATHS = (
					"$(inherited)",
					"@executable_path/../Frameworks",
				);
				MACOSX_DEPLOYMENT_TARGET = 14.0;
				MARKETING_VERSION = 0.1.2;
				PRODUCT_BUNDLE_IDENTIFIER = be.codestation.sandman;
				PRODUCT_NAME = "$(TARGET_NAME)";
				REGISTER_APP_GROUPS = YES;
				SWIFT_ACTIVE_COMPILATION_CONDITIONS = START_PHOENIX;
				SWIFT_EMIT_LOC_STRINGS = YES;
				SWIFT_VERSION = 5.0;
			};
			name = Release;
		};
		364422B52E670C8600BF17B2 /* Debug */ = {
			isa = XCBuildConfiguration;
			buildSettings = {
				BUNDLE_LOADER = "$(TEST_HOST)";
				CODE_SIGN_STYLE = Automatic;
				CURRENT_PROJECT_VERSION = 1;
				DEVELOPMENT_TEAM = E52ZZJXC2C;
				GENERATE_INFOPLIST_FILE = YES;
				MACOSX_DEPLOYMENT_TARGET = 14.0;
				MARKETING_VERSION = 1.0;
				PRODUCT_BUNDLE_IDENTIFIER = be.codestation.sandmanTests;
				PRODUCT_NAME = "$(TARGET_NAME)";
				SWIFT_EMIT_LOC_STRINGS = NO;
				SWIFT_VERSION = 5.0;
				TEST_HOST = "$(BUILT_PRODUCTS_DIR)/sandman.app/$(BUNDLE_EXECUTABLE_FOLDER_PATH)/sandman";
			};
			name = Debug;
		};
		364422B62E670C8600BF17B2 /* Release */ = {
			isa = XCBuildConfiguration;
			buildSettings = {
				BUNDLE_LOADER = "$(TEST_HOST)";
				CODE_SIGN_STYLE = Automatic;
				CURRENT_PROJECT_VERSION = 1;
				DEVELOPMENT_TEAM = E52ZZJXC2C;
				GENERATE_INFOPLIST_FILE = YES;
				MACOSX_DEPLOYMENT_TARGET = 14.0;
				MARKETING_VERSION = 1.0;
				PRODUCT_BUNDLE_IDENTIFIER = be.codestation.sandmanTests;
				PRODUCT_NAME = "$(TARGET_NAME)";
				SWIFT_EMIT_LOC_STRINGS = NO;
				SWIFT_VERSION = 5.0;
				TEST_HOST = "$(BUILT_PRODUCTS_DIR)/sandman.app/$(BUNDLE_EXECUTABLE_FOLDER_PATH)/sandman";
			};
			name = Release;
		};
		364422B82E670C8600BF17B2 /* Debug */ = {
			isa = XCBuildConfiguration;
			buildSettings = {
				CODE_SIGN_STYLE = Automatic;
				CURRENT_PROJECT_VERSION = 1;
				DEVELOPMENT_TEAM = E52ZZJXC2C;
				GENERATE_INFOPLIST_FILE = YES;
				MARKETING_VERSION = 1.0;
				PRODUCT_BUNDLE_IDENTIFIER = be.codestation.sandmanUITests;
				PRODUCT_NAME = "$(TARGET_NAME)";
				SWIFT_EMIT_LOC_STRINGS = NO;
				SWIFT_VERSION = 5.0;
				TEST_TARGET_NAME = sandman;
			};
			name = Debug;
		};
		364422B92E670C8600BF17B2 /* Release */ = {
			isa = XCBuildConfiguration;
			buildSettings = {
				CODE_SIGN_STYLE = Automatic;
				CURRENT_PROJECT_VERSION = 1;
				DEVELOPMENT_TEAM = E52ZZJXC2C;
				GENERATE_INFOPLIST_FILE = YES;
				MARKETING_VERSION = 1.0;
				PRODUCT_BUNDLE_IDENTIFIER = be.codestation.sandmanUITests;
				PRODUCT_NAME = "$(TARGET_NAME)";
				SWIFT_EMIT_LOC_STRINGS = NO;
				SWIFT_VERSION = 5.0;
				TEST_TARGET_NAME = sandman;
			};
			name = Release;
		};
/* End XCBuildConfiguration section */

/* Begin XCConfigurationList section */
		364422882E670C8400BF17B2 /* Build configuration list for PBXProject "sandman" */ = {
			isa = XCConfigurationList;
			buildConfigurations = (
				364422AF2E670C8600BF17B2 /* Debug */,
				364422B02E670C8600BF17B2 /* Release */,
			);
			defaultConfigurationIsVisible = 0;
			defaultConfigurationName = Release;
		};
		364422B12E670C8600BF17B2 /* Build configuration list for PBXNativeTarget "sandman" */ = {
			isa = XCConfigurationList;
			buildConfigurations = (
				364422B22E670C8600BF17B2 /* Debug */,
				364422B32E670C8600BF17B2 /* Release */,
			);
			defaultConfigurationIsVisible = 0;
			defaultConfigurationName = Release;
		};
		364422B42E670C8600BF17B2 /* Build configuration list for PBXNativeTarget "sandmanTests" */ = {
			isa = XCConfigurationList;
			buildConfigurations = (
				364422B52E670C8600BF17B2 /* Debug */,
				364422B62E670C8600BF17B2 /* Release */,
			);
			defaultConfigurationIsVisible = 0;
			defaultConfigurationName = Release;
		};
		364422B72E670C8600BF17B2 /* Build configuration list for PBXNativeTarget "sandmanUITests" */ = {
			isa = XCConfigurationList;
			buildConfigurations = (
				364422B82E670C8600BF17B2 /* Debug */,
				364422B92E670C8600BF17B2 /* Release */,
			);
			defaultConfigurationIsVisible = 0;
			defaultConfigurationName = Release;
		};
/* End XCConfigurationList section */

/* Begin XCRemoteSwiftPackageReference section */
		365225902E963E5200492B2E /* XCRemoteSwiftPackageReference "Puppy" */ = {
			isa = XCRemoteSwiftPackageReference;
			repositoryURL = "https://github.com/sushichop/Puppy";
			requirement = {
				kind = upToNextMajorVersion;
				minimumVersion = 0.9.0;
			};
		};
/* End XCRemoteSwiftPackageReference section */

/* Begin XCSwiftPackageProductDependency section */
		365225912E96402400492B2E /* Puppy */ = {
			isa = XCSwiftPackageProductDependency;
			package = 365225902E963E5200492B2E /* XCRemoteSwiftPackageReference "Puppy" */;
			productName = Puppy;
		};
/* End XCSwiftPackageProductDependency section */
	};
	rootObject = 364422852E670C8400BF17B2 /* Project object */;
}
